// !$*UTF8*$!
{
	archiveVersion = 1;
	classes = {
	};
	objectVersion = 56;
	objects = {

/* Begin PBXBuildFile section */
		2FA54A9E29E90E9F00C436C1 /* AthlinicApp.swift in Sources */ = {isa = PBXBuildFile; fileRef = 2FA54A9D29E90E9F00C436C1 /* AthlinicApp.swift */; };
		2FA54AA029E90E9F00C436C1 /* ContentView.swift in Sources */ = {isa = PBXBuildFile; fileRef = 2FA54A9F29E90E9F00C436C1 /* ContentView.swift */; };
		2FA54AA229E90EA000C436C1 /* Assets.xcassets in Resources */ = {isa = PBXBuildFile; fileRef = 2FA54AA129E90EA000C436C1 /* Assets.xcassets */; };
		2FA54AA529E90EA000C436C1 /* Preview Assets.xcassets in Resources */ = {isa = PBXBuildFile; fileRef = 2FA54AA429E90EA000C436C1 /* Preview Assets.xcassets */; };
		2FA54AA729E90EA000C436C1 /* Persistence.swift in Sources */ = {isa = PBXBuildFile; fileRef = 2FA54AA629E90EA000C436C1 /* Persistence.swift */; };
		2FA54AAA29E90EA000C436C1 /* Athlinic.xcdatamodeld in Sources */ = {isa = PBXBuildFile; fileRef = 2FA54AA829E90EA000C436C1 /* Athlinic.xcdatamodeld */; };
		2FCDB51529EF9F2800E32DB6 /* LandingPageView.swift in Sources */ = {isa = PBXBuildFile; fileRef = 2FCDB51429EF9F2800E32DB6 /* LandingPageView.swift */; };
		65AD2E722A023BBF00DF17D8 /* Color.swift in Sources */ = {isa = PBXBuildFile; fileRef = 65AD2E712A023BBE00DF17D8 /* Color.swift */; };
		65AD2E742A02625A00DF17D8 /* ActivityCheckbox.swift in Sources */ = {isa = PBXBuildFile; fileRef = 65AD2E732A02625A00DF17D8 /* ActivityCheckbox.swift */; };
		65AD2E762A03719300DF17D8 /* CardBackgroundComponent.swift in Sources */ = {isa = PBXBuildFile; fileRef = 65AD2E752A03719300DF17D8 /* CardBackgroundComponent.swift */; };
		65FB21DA2A02013B00464A66 /* TodayScheduleView.swift in Sources */ = {isa = PBXBuildFile; fileRef = 65FB21D92A02013B00464A66 /* TodayScheduleView.swift */; };
		65FB21DD2A0226D100464A66 /* MainNavigationComponent.swift in Sources */ = {isa = PBXBuildFile; fileRef = 65FB21DC2A0226D100464A66 /* MainNavigationComponent.swift */; };
		F916068B29FBAD2C003DA196 /* ProfileMeasurement.swift in Sources */ = {isa = PBXBuildFile; fileRef = F916068A29FBAD2C003DA196 /* ProfileMeasurement.swift */; };
		F916068D29FCFDD3003DA196 /* BMIResultView.swift in Sources */ = {isa = PBXBuildFile; fileRef = F916068C29FCFDD3003DA196 /* BMIResultView.swift */; };
		F996E41F29FA860A008FE6F4 /* ProfileNameScreen.swift in Sources */ = {isa = PBXBuildFile; fileRef = F996E41E29FA860A008FE6F4 /* ProfileNameScreen.swift */; };
		F996E42129FA9A39008FE6F4 /* ProfileGenderScreen.swift in Sources */ = {isa = PBXBuildFile; fileRef = F996E42029FA9A39008FE6F4 /* ProfileGenderScreen.swift */; };
/* End PBXBuildFile section */

/* Begin PBXFileReference section */
		2FA54A9A29E90E9F00C436C1 /* Athlinic.app */ = {isa = PBXFileReference; explicitFileType = wrapper.application; includeInIndex = 0; path = Athlinic.app; sourceTree = BUILT_PRODUCTS_DIR; };
		2FA54A9D29E90E9F00C436C1 /* AthlinicApp.swift */ = {isa = PBXFileReference; lastKnownFileType = sourcecode.swift; path = AthlinicApp.swift; sourceTree = "<group>"; };
		2FA54A9F29E90E9F00C436C1 /* ContentView.swift */ = {isa = PBXFileReference; lastKnownFileType = sourcecode.swift; path = ContentView.swift; sourceTree = "<group>"; };
		2FA54AA129E90EA000C436C1 /* Assets.xcassets */ = {isa = PBXFileReference; lastKnownFileType = folder.assetcatalog; path = Assets.xcassets; sourceTree = "<group>"; };
		2FA54AA429E90EA000C436C1 /* Preview Assets.xcassets */ = {isa = PBXFileReference; lastKnownFileType = folder.assetcatalog; path = "Preview Assets.xcassets"; sourceTree = "<group>"; };
		2FA54AA629E90EA000C436C1 /* Persistence.swift */ = {isa = PBXFileReference; lastKnownFileType = sourcecode.swift; path = Persistence.swift; sourceTree = "<group>"; };
		2FA54AA929E90EA000C436C1 /* Athlinic.xcdatamodel */ = {isa = PBXFileReference; lastKnownFileType = wrapper.xcdatamodel; path = Athlinic.xcdatamodel; sourceTree = "<group>"; };
		2FCDB51429EF9F2800E32DB6 /* LandingPageView.swift */ = {isa = PBXFileReference; lastKnownFileType = sourcecode.swift; path = LandingPageView.swift; sourceTree = "<group>"; };
		65AD2E712A023BBE00DF17D8 /* Color.swift */ = {isa = PBXFileReference; lastKnownFileType = sourcecode.swift; path = Color.swift; sourceTree = "<group>"; };
		65AD2E732A02625A00DF17D8 /* ActivityCheckbox.swift */ = {isa = PBXFileReference; lastKnownFileType = sourcecode.swift; path = ActivityCheckbox.swift; sourceTree = "<group>"; };
		65AD2E752A03719300DF17D8 /* CardBackgroundComponent.swift */ = {isa = PBXFileReference; lastKnownFileType = sourcecode.swift; path = CardBackgroundComponent.swift; sourceTree = "<group>"; };
		65FB21D92A02013B00464A66 /* TodayScheduleView.swift */ = {isa = PBXFileReference; lastKnownFileType = sourcecode.swift; path = TodayScheduleView.swift; sourceTree = "<group>"; };
		65FB21DC2A0226D100464A66 /* MainNavigationComponent.swift */ = {isa = PBXFileReference; lastKnownFileType = sourcecode.swift; path = MainNavigationComponent.swift; sourceTree = "<group>"; };
		F916068A29FBAD2C003DA196 /* ProfileMeasurement.swift */ = {isa = PBXFileReference; lastKnownFileType = sourcecode.swift; path = ProfileMeasurement.swift; sourceTree = "<group>"; };
		F916068C29FCFDD3003DA196 /* BMIResultView.swift */ = {isa = PBXFileReference; lastKnownFileType = sourcecode.swift; path = BMIResultView.swift; sourceTree = "<group>"; };
		F996E41E29FA860A008FE6F4 /* ProfileNameScreen.swift */ = {isa = PBXFileReference; lastKnownFileType = sourcecode.swift; path = ProfileNameScreen.swift; sourceTree = "<group>"; };
		F996E42029FA9A39008FE6F4 /* ProfileGenderScreen.swift */ = {isa = PBXFileReference; lastKnownFileType = sourcecode.swift; path = ProfileGenderScreen.swift; sourceTree = "<group>"; };
/* End PBXFileReference section */

/* Begin PBXFrameworksBuildPhase section */
		2FA54A9729E90E9F00C436C1 /* Frameworks */ = {
			isa = PBXFrameworksBuildPhase;
			buildActionMask = 2147483647;
			files = (
			);
			runOnlyForDeploymentPostprocessing = 0;
		};
/* End PBXFrameworksBuildPhase section */

/* Begin PBXGroup section */
		2F5A48822A00D33A00074722 /* Model */ = {
			isa = PBXGroup;
			children = (
			);
			path = Model;
			sourceTree = "<group>";
		};
		2FA54A9129E90E9F00C436C1 = {
			isa = PBXGroup;
			children = (
				2FA54A9C29E90E9F00C436C1 /* Athlinic */,
				2FA54A9B29E90E9F00C436C1 /* Products */,
			);
			sourceTree = "<group>";
		};
		2FA54A9B29E90E9F00C436C1 /* Products */ = {
			isa = PBXGroup;
			children = (
				2FA54A9A29E90E9F00C436C1 /* Athlinic.app */,
			);
			name = Products;
			sourceTree = "<group>";
		};
		2FA54A9C29E90E9F00C436C1 /* Athlinic */ = {
			isa = PBXGroup;
			children = (
				2F5A48822A00D33A00074722 /* Model */,
				2FCDB51329EF9EEA00E32DB6 /* View */,
				2FA54A9D29E90E9F00C436C1 /* AthlinicApp.swift */,
				2FA54A9F29E90E9F00C436C1 /* ContentView.swift */,
				2FA54AA129E90EA000C436C1 /* Assets.xcassets */,
				2FA54AA629E90EA000C436C1 /* Persistence.swift */,
				2FA54AA829E90EA000C436C1 /* Athlinic.xcdatamodeld */,
				2FA54AA329E90EA000C436C1 /* Preview Content */,
			);
			path = Athlinic;
			sourceTree = "<group>";
		};
		2FA54AA329E90EA000C436C1 /* Preview Content */ = {
			isa = PBXGroup;
			children = (
				2FA54AA429E90EA000C436C1 /* Preview Assets.xcassets */,
			);
			path = "Preview Content";
			sourceTree = "<group>";
		};
		2FCDB51329EF9EEA00E32DB6 /* View */ = {
			isa = PBXGroup;
			children = (
				65FB21DB2A0226AB00464A66 /* Component */,
				2FCDB51429EF9F2800E32DB6 /* LandingPageView.swift */,
				F996E41E29FA860A008FE6F4 /* ProfileNameScreen.swift */,
				F996E42029FA9A39008FE6F4 /* ProfileGenderScreen.swift */,
				F916068A29FBAD2C003DA196 /* ProfileMeasurement.swift */,
				F916068C29FCFDD3003DA196 /* BMIResultView.swift */,
				65FB21D92A02013B00464A66 /* TodayScheduleView.swift */,
				65AD2E712A023BBE00DF17D8 /* Color.swift */,
			);
			path = View;
			sourceTree = "<group>";
		};
		65FB21DB2A0226AB00464A66 /* Component */ = {
			isa = PBXGroup;
			children = (
				65FB21DC2A0226D100464A66 /* MainNavigationComponent.swift */,
				65AD2E732A02625A00DF17D8 /* ActivityCheckbox.swift */,
				65AD2E752A03719300DF17D8 /* CardBackgroundComponent.swift */,
			);
			path = Component;
			sourceTree = "<group>";
		};
/* End PBXGroup section */

/* Begin PBXNativeTarget section */
		2FA54A9929E90E9F00C436C1 /* Athlinic */ = {
			isa = PBXNativeTarget;
			buildConfigurationList = 2FA54AAD29E90EA000C436C1 /* Build configuration list for PBXNativeTarget "Athlinic" */;
			buildPhases = (
				2FA54A9629E90E9F00C436C1 /* Sources */,
				2FA54A9729E90E9F00C436C1 /* Frameworks */,
				2FA54A9829E90E9F00C436C1 /* Resources */,
			);
			buildRules = (
			);
			dependencies = (
			);
			name = Athlinic;
			productName = Athlinic;
			productReference = 2FA54A9A29E90E9F00C436C1 /* Athlinic.app */;
			productType = "com.apple.product-type.application";
		};
/* End PBXNativeTarget section */

/* Begin PBXProject section */
		2FA54A9229E90E9F00C436C1 /* Project object */ = {
			isa = PBXProject;
			attributes = {
				BuildIndependentTargetsInParallel = 1;
				LastSwiftUpdateCheck = 1430;
				LastUpgradeCheck = 1430;
				TargetAttributes = {
					2FA54A9929E90E9F00C436C1 = {
						CreatedOnToolsVersion = 14.3;
					};
				};
			};
			buildConfigurationList = 2FA54A9529E90E9F00C436C1 /* Build configuration list for PBXProject "Athlinic" */;
			compatibilityVersion = "Xcode 14.0";
			developmentRegion = en;
			hasScannedForEncodings = 0;
			knownRegions = (
				en,
				Base,
			);
			mainGroup = 2FA54A9129E90E9F00C436C1;
			productRefGroup = 2FA54A9B29E90E9F00C436C1 /* Products */;
			projectDirPath = "";
			projectRoot = "";
			targets = (
				2FA54A9929E90E9F00C436C1 /* Athlinic */,
			);
		};
/* End PBXProject section */

/* Begin PBXResourcesBuildPhase section */
		2FA54A9829E90E9F00C436C1 /* Resources */ = {
			isa = PBXResourcesBuildPhase;
			buildActionMask = 2147483647;
			files = (
				2FA54AA529E90EA000C436C1 /* Preview Assets.xcassets in Resources */,
				2FA54AA229E90EA000C436C1 /* Assets.xcassets in Resources */,
			);
			runOnlyForDeploymentPostprocessing = 0;
		};
/* End PBXResourcesBuildPhase section */

/* Begin PBXSourcesBuildPhase section */
		2FA54A9629E90E9F00C436C1 /* Sources */ = {
			isa = PBXSourcesBuildPhase;
			buildActionMask = 2147483647;
			files = (
				2FA54AA729E90EA000C436C1 /* Persistence.swift in Sources */,
				65FB21DD2A0226D100464A66 /* MainNavigationComponent.swift in Sources */,
				65AD2E742A02625A00DF17D8 /* ActivityCheckbox.swift in Sources */,
				65FB21DA2A02013B00464A66 /* TodayScheduleView.swift in Sources */,
				2FA54AAA29E90EA000C436C1 /* Athlinic.xcdatamodeld in Sources */,
				F996E42129FA9A39008FE6F4 /* ProfileGenderScreen.swift in Sources */,
				65AD2E722A023BBF00DF17D8 /* Color.swift in Sources */,
				65AD2E762A03719300DF17D8 /* CardBackgroundComponent.swift in Sources */,
				2FA54AA029E90E9F00C436C1 /* ContentView.swift in Sources */,
				F916068B29FBAD2C003DA196 /* ProfileMeasurement.swift in Sources */,
				2FA54A9E29E90E9F00C436C1 /* AthlinicApp.swift in Sources */,
				2FCDB51529EF9F2800E32DB6 /* LandingPageView.swift in Sources */,
				F916068D29FCFDD3003DA196 /* BMIResultView.swift in Sources */,
				F996E41F29FA860A008FE6F4 /* ProfileNameScreen.swift in Sources */,
			);
			runOnlyForDeploymentPostprocessing = 0;
		};
/* End PBXSourcesBuildPhase section */

/* Begin XCBuildConfiguration section */
		2FA54AAB29E90EA000C436C1 /* Debug */ = {
			isa = XCBuildConfiguration;
			buildSettings = {
				ALWAYS_SEARCH_USER_PATHS = NO;
				CLANG_ANALYZER_NONNULL = YES;
				CLANG_ANALYZER_NUMBER_OBJECT_CONVERSION = YES_AGGRESSIVE;
				CLANG_CXX_LANGUAGE_STANDARD = "gnu++20";
				CLANG_ENABLE_MODULES = YES;
				CLANG_ENABLE_OBJC_ARC = YES;
				CLANG_ENABLE_OBJC_WEAK = YES;
				CLANG_WARN_BLOCK_CAPTURE_AUTORELEASING = YES;
				CLANG_WARN_BOOL_CONVERSION = YES;
				CLANG_WARN_COMMA = YES;
				CLANG_WARN_CONSTANT_CONVERSION = YES;
				CLANG_WARN_DEPRECATED_OBJC_IMPLEMENTATIONS = YES;
				CLANG_WARN_DIRECT_OBJC_ISA_USAGE = YES_ERROR;
				CLANG_WARN_DOCUMENTATION_COMMENTS = YES;
				CLANG_WARN_EMPTY_BODY = YES;
				CLANG_WARN_ENUM_CONVERSION = YES;
				CLANG_WARN_INFINITE_RECURSION = YES;
				CLANG_WARN_INT_CONVERSION = YES;
				CLANG_WARN_NON_LITERAL_NULL_CONVERSION = YES;
				CLANG_WARN_OBJC_IMPLICIT_RETAIN_SELF = YES;
				CLANG_WARN_OBJC_LITERAL_CONVERSION = YES;
				CLANG_WARN_OBJC_ROOT_CLASS = YES_ERROR;
				CLANG_WARN_QUOTED_INCLUDE_IN_FRAMEWORK_HEADER = YES;
				CLANG_WARN_RANGE_LOOP_ANALYSIS = YES;
				CLANG_WARN_STRICT_PROTOTYPES = YES;
				CLANG_WARN_SUSPICIOUS_MOVE = YES;
				CLANG_WARN_UNGUARDED_AVAILABILITY = YES_AGGRESSIVE;
				CLANG_WARN_UNREACHABLE_CODE = YES;
				CLANG_WARN__DUPLICATE_METHOD_MATCH = YES;
				COPY_PHASE_STRIP = NO;
				DEBUG_INFORMATION_FORMAT = dwarf;
				ENABLE_STRICT_OBJC_MSGSEND = YES;
				ENABLE_TESTABILITY = YES;
				GCC_C_LANGUAGE_STANDARD = gnu11;
				GCC_DYNAMIC_NO_PIC = NO;
				GCC_NO_COMMON_BLOCKS = YES;
				GCC_OPTIMIZATION_LEVEL = 0;
				GCC_PREPROCESSOR_DEFINITIONS = (
					"DEBUG=1",
					"$(inherited)",
				);
				GCC_WARN_64_TO_32_BIT_CONVERSION = YES;
				GCC_WARN_ABOUT_RETURN_TYPE = YES_ERROR;
				GCC_WARN_UNDECLARED_SELECTOR = YES;
				GCC_WARN_UNINITIALIZED_AUTOS = YES_AGGRESSIVE;
				GCC_WARN_UNUSED_FUNCTION = YES;
				GCC_WARN_UNUSED_VARIABLE = YES;
				IPHONEOS_DEPLOYMENT_TARGET = 16.0;
				MTL_ENABLE_DEBUG_INFO = INCLUDE_SOURCE;
				MTL_FAST_MATH = YES;
				ONLY_ACTIVE_ARCH = YES;
				SDKROOT = iphoneos;
				SWIFT_ACTIVE_COMPILATION_CONDITIONS = DEBUG;
				SWIFT_OPTIMIZATION_LEVEL = "-Onone";
			};
			name = Debug;
		};
		2FA54AAC29E90EA000C436C1 /* Release */ = {
			isa = XCBuildConfiguration;
			buildSettings = {
				ALWAYS_SEARCH_USER_PATHS = NO;
				CLANG_ANALYZER_NONNULL = YES;
				CLANG_ANALYZER_NUMBER_OBJECT_CONVERSION = YES_AGGRESSIVE;
				CLANG_CXX_LANGUAGE_STANDARD = "gnu++20";
				CLANG_ENABLE_MODULES = YES;
				CLANG_ENABLE_OBJC_ARC = YES;
				CLANG_ENABLE_OBJC_WEAK = YES;
				CLANG_WARN_BLOCK_CAPTURE_AUTORELEASING = YES;
				CLANG_WARN_BOOL_CONVERSION = YES;
				CLANG_WARN_COMMA = YES;
				CLANG_WARN_CONSTANT_CONVERSION = YES;
				CLANG_WARN_DEPRECATED_OBJC_IMPLEMENTATIONS = YES;
				CLANG_WARN_DIRECT_OBJC_ISA_USAGE = YES_ERROR;
				CLANG_WARN_DOCUMENTATION_COMMENTS = YES;
				CLANG_WARN_EMPTY_BODY = YES;
				CLANG_WARN_ENUM_CONVERSION = YES;
				CLANG_WARN_INFINITE_RECURSION = YES;
				CLANG_WARN_INT_CONVERSION = YES;
				CLANG_WARN_NON_LITERAL_NULL_CONVERSION = YES;
				CLANG_WARN_OBJC_IMPLICIT_RETAIN_SELF = YES;
				CLANG_WARN_OBJC_LITERAL_CONVERSION = YES;
				CLANG_WARN_OBJC_ROOT_CLASS = YES_ERROR;
				CLANG_WARN_QUOTED_INCLUDE_IN_FRAMEWORK_HEADER = YES;
				CLANG_WARN_RANGE_LOOP_ANALYSIS = YES;
				CLANG_WARN_STRICT_PROTOTYPES = YES;
				CLANG_WARN_SUSPICIOUS_MOVE = YES;
				CLANG_WARN_UNGUARDED_AVAILABILITY = YES_AGGRESSIVE;
				CLANG_WARN_UNREACHABLE_CODE = YES;
				CLANG_WARN__DUPLICATE_METHOD_MATCH = YES;
				COPY_PHASE_STRIP = NO;
				DEBUG_INFORMATION_FORMAT = "dwarf-with-dsym";
				ENABLE_NS_ASSERTIONS = NO;
				ENABLE_STRICT_OBJC_MSGSEND = YES;
				GCC_C_LANGUAGE_STANDARD = gnu11;
				GCC_NO_COMMON_BLOCKS = YES;
				GCC_WARN_64_TO_32_BIT_CONVERSION = YES;
				GCC_WARN_ABOUT_RETURN_TYPE = YES_ERROR;
				GCC_WARN_UNDECLARED_SELECTOR = YES;
				GCC_WARN_UNINITIALIZED_AUTOS = YES_AGGRESSIVE;
				GCC_WARN_UNUSED_FUNCTION = YES;
				GCC_WARN_UNUSED_VARIABLE = YES;
				IPHONEOS_DEPLOYMENT_TARGET = 16.0;
				MTL_ENABLE_DEBUG_INFO = NO;
				MTL_FAST_MATH = YES;
				SDKROOT = iphoneos;
				SWIFT_COMPILATION_MODE = wholemodule;
				SWIFT_OPTIMIZATION_LEVEL = "-O";
				VALIDATE_PRODUCT = YES;
			};
			name = Release;
		};
		2FA54AAE29E90EA000C436C1 /* Debug */ = {
			isa = XCBuildConfiguration;
			buildSettings = {
				ASSETCATALOG_COMPILER_APPICON_NAME = AppIcon;
				ASSETCATALOG_COMPILER_GLOBAL_ACCENT_COLOR_NAME = AccentColor;
				CODE_SIGN_STYLE = Automatic;
				CURRENT_PROJECT_VERSION = 1;
				DEVELOPMENT_ASSET_PATHS = "\"Athlinic/Preview Content\"";
				DEVELOPMENT_TEAM = KJKL38Q9U5;
				ENABLE_PREVIEWS = YES;
				GENERATE_INFOPLIST_FILE = YES;
				INFOPLIST_KEY_UIApplicationSceneManifest_Generation = YES;
				INFOPLIST_KEY_UIApplicationSupportsIndirectInputEvents = YES;
				INFOPLIST_KEY_UILaunchScreen_Generation = YES;
				INFOPLIST_KEY_UISupportedInterfaceOrientations_iPad = "UIInterfaceOrientationPortrait UIInterfaceOrientationPortraitUpsideDown UIInterfaceOrientationLandscapeLeft UIInterfaceOrientationLandscapeRight";
				INFOPLIST_KEY_UISupportedInterfaceOrientations_iPhone = "UIInterfaceOrientationPortrait UIInterfaceOrientationLandscapeLeft UIInterfaceOrientationLandscapeRight";
				IPHONEOS_DEPLOYMENT_TARGET = 14.0;
				LD_RUNPATH_SEARCH_PATHS = (
					"$(inherited)",
					"@executable_path/Frameworks",
				);
				MARKETING_VERSION = 1.0;
				PRODUCT_BUNDLE_IDENTIFIER = MC1.Athlinic;
				PRODUCT_NAME = "$(TARGET_NAME)";
				SWIFT_EMIT_LOC_STRINGS = YES;
				SWIFT_VERSION = 5.0;
				TARGETED_DEVICE_FAMILY = "1,2";
			};
			name = Debug;
		};
		2FA54AAF29E90EA000C436C1 /* Release */ = {
			isa = XCBuildConfiguration;
			buildSettings = {
				ASSETCATALOG_COMPILER_APPICON_NAME = AppIcon;
				ASSETCATALOG_COMPILER_GLOBAL_ACCENT_COLOR_NAME = AccentColor;
				CODE_SIGN_STYLE = Automatic;
				CURRENT_PROJECT_VERSION = 1;
				DEVELOPMENT_ASSET_PATHS = "\"Athlinic/Preview Content\"";
				DEVELOPMENT_TEAM = KJKL38Q9U5;
				ENABLE_PREVIEWS = YES;
				GENERATE_INFOPLIST_FILE = YES;
				INFOPLIST_KEY_UIApplicationSceneManifest_Generation = YES;
				INFOPLIST_KEY_UIApplicationSupportsIndirectInputEvents = YES;
				INFOPLIST_KEY_UILaunchScreen_Generation = YES;
				INFOPLIST_KEY_UISupportedInterfaceOrientations_iPad = "UIInterfaceOrientationPortrait UIInterfaceOrientationPortraitUpsideDown UIInterfaceOrientationLandscapeLeft UIInterfaceOrientationLandscapeRight";
				INFOPLIST_KEY_UISupportedInterfaceOrientations_iPhone = "UIInterfaceOrientationPortrait UIInterfaceOrientationLandscapeLeft UIInterfaceOrientationLandscapeRight";
				IPHONEOS_DEPLOYMENT_TARGET = 14.0;
				LD_RUNPATH_SEARCH_PATHS = (
					"$(inherited)",
					"@executable_path/Frameworks",
				);
				MARKETING_VERSION = 1.0;
				PRODUCT_BUNDLE_IDENTIFIER = MC1.Athlinic;
				PRODUCT_NAME = "$(TARGET_NAME)";
				SWIFT_EMIT_LOC_STRINGS = YES;
				SWIFT_VERSION = 5.0;
				TARGETED_DEVICE_FAMILY = "1,2";
			};
			name = Release;
		};
/* End XCBuildConfiguration section */

/* Begin XCConfigurationList section */
		2FA54A9529E90E9F00C436C1 /* Build configuration list for PBXProject "Athlinic" */ = {
			isa = XCConfigurationList;
			buildConfigurations = (
				2FA54AAB29E90EA000C436C1 /* Debug */,
				2FA54AAC29E90EA000C436C1 /* Release */,
			);
			defaultConfigurationIsVisible = 0;
			defaultConfigurationName = Release;
		};
		2FA54AAD29E90EA000C436C1 /* Build configuration list for PBXNativeTarget "Athlinic" */ = {
			isa = XCConfigurationList;
			buildConfigurations = (
				2FA54AAE29E90EA000C436C1 /* Debug */,
				2FA54AAF29E90EA000C436C1 /* Release */,
			);
			defaultConfigurationIsVisible = 0;
			defaultConfigurationName = Release;
		};
/* End XCConfigurationList section */

/* Begin XCVersionGroup section */
		2FA54AA829E90EA000C436C1 /* Athlinic.xcdatamodeld */ = {
			isa = XCVersionGroup;
			children = (
				2FA54AA929E90EA000C436C1 /* Athlinic.xcdatamodel */,
			);
			currentVersion = 2FA54AA929E90EA000C436C1 /* Athlinic.xcdatamodel */;
			path = Athlinic.xcdatamodeld;
			sourceTree = "<group>";
			versionGroupType = wrapper.xcdatamodel;
		};
/* End XCVersionGroup section */
	};
	rootObject = 2FA54A9229E90E9F00C436C1 /* Project object */;
}
